Microsoft Visual Studio Solution File, Format Version 12.00
# Visual Studio Version 17
VisualStudioVersion = 17.5.2.0
MinimumVisualStudioVersion = 10.0.40219.1
Project("{FAE04EC0-301F-11D3-BF4B-00C04F79EFBC}") = "Players", "Players.csproj", "{FEB9CD06-8266-C314-3836-9CE422AE8E00}"
EndProject
Global
	GlobalSection(SolutionConfigurationPlatforms) = preSolution
		Debug|Any CPU = Debug|Any CPU
		Release|Any CPU = Release|Any CPU
	EndGlobalSection
	GlobalSection(ProjectConfigurationPlatforms) = postSolution
		{FEB9CD06-8266-C314-3836-9CE422AE8E00}.Debug|Any CPU.ActiveCfg = Debug|Any CPU
		{FEB9CD06-8266-C314-3836-9CE422AE8E00}.Debug|Any CPU.Build.0 = Debug|Any CPU
		{FEB9CD06-8266-C314-3836-9CE422AE8E00}.Release|Any CPU.ActiveCfg = Release|Any CPU
		{FEB9CD06-8266-C314-3836-9CE422AE8E00}.Release|Any CPU.Build.0 = Release|Any CPU
	EndGlobalSection
	GlobalSection(SolutionProperties) = preSolution
		HideSolutionNode = FALSE
	EndGlobalSection
	GlobalSection(ExtensibilityGlobals) = postSolution
		SolutionGuid = {086B9D23-9DE9-4AFB-9071-26BE604070FC}
	EndGlobalSection
EndGlobal
